// !$*UTF8*$!
{
	archiveVersion = 1;
	classes = {
	};
	objectVersion = 50;
	objects = {

/* Begin PBXBuildFile section */
		DE06426D240101F2004DF685 /* BaseViewController.swift in Sources */ = {isa = PBXBuildFile; fileRef = DE06426C240101F2004DF685 /* BaseViewController.swift */; };
		DE06427024010309004DF685 /* PickerView.swift in Sources */ = {isa = PBXBuildFile; fileRef = DE06426F24010309004DF685 /* PickerView.swift */; };
		DE0642722401032C004DF685 /* PickerView.xib in Resources */ = {isa = PBXBuildFile; fileRef = DE0642712401032C004DF685 /* PickerView.xib */; };
		DE853C4624001EB600A709B2 /* AppDelegate.swift in Sources */ = {isa = PBXBuildFile; fileRef = DE853C4524001EB600A709B2 /* AppDelegate.swift */; };
		DE853C4824001EB600A709B2 /* SceneDelegate.swift in Sources */ = {isa = PBXBuildFile; fileRef = DE853C4724001EB600A709B2 /* SceneDelegate.swift */; };
		DE853C4D24001EB600A709B2 /* Main.storyboard in Resources */ = {isa = PBXBuildFile; fileRef = DE853C4B24001EB600A709B2 /* Main.storyboard */; };
		DE853C4F24001EB600A709B2 /* Assets.xcassets in Resources */ = {isa = PBXBuildFile; fileRef = DE853C4E24001EB600A709B2 /* Assets.xcassets */; };
		DE853C5224001EB600A709B2 /* LaunchScreen.storyboard in Resources */ = {isa = PBXBuildFile; fileRef = DE853C5024001EB600A709B2 /* LaunchScreen.storyboard */; };
		DE853C5A24001EFD00A709B2 /* recipetypes.xml in Resources */ = {isa = PBXBuildFile; fileRef = DE853C5924001EFD00A709B2 /* recipetypes.xml */; };
		DE853C5D2400211500A709B2 /* RecipeType.swift in Sources */ = {isa = PBXBuildFile; fileRef = DE853C5C2400211500A709B2 /* RecipeType.swift */; };
		DE853C60240021D300A709B2 /* MasterViewController.swift in Sources */ = {isa = PBXBuildFile; fileRef = DE853C5F240021D300A709B2 /* MasterViewController.swift */; };
		DE853C62240021DC00A709B2 /* DetailViewController.swift in Sources */ = {isa = PBXBuildFile; fileRef = DE853C61240021DC00A709B2 /* DetailViewController.swift */; };
		DE853C652400238800A709B2 /* Constant.swift in Sources */ = {isa = PBXBuildFile; fileRef = DE853C642400238800A709B2 /* Constant.swift */; };
		DE853C672400295C00A709B2 /* Recipe.swift in Sources */ = {isa = PBXBuildFile; fileRef = DE853C662400295C00A709B2 /* Recipe.swift */; };
		DE853C69240035D300A709B2 /* DataManager.swift in Sources */ = {isa = PBXBuildFile; fileRef = DE853C68240035D300A709B2 /* DataManager.swift */; };
/* End PBXBuildFile section */

/* Begin PBXFileReference section */
		DE06426C240101F2004DF685 /* BaseViewController.swift */ = {isa = PBXFileReference; lastKnownFileType = sourcecode.swift; path = BaseViewController.swift; sourceTree = "<group>"; };
		DE06426F24010309004DF685 /* PickerView.swift */ = {isa = PBXFileReference; lastKnownFileType = sourcecode.swift; path = PickerView.swift; sourceTree = "<group>"; };
		DE0642712401032C004DF685 /* PickerView.xib */ = {isa = PBXFileReference; lastKnownFileType = file.xib; path = PickerView.xib; sourceTree = "<group>"; };
		DE853C4224001EB600A709B2 /* Recipe.app */ = {isa = PBXFileReference; explicitFileType = wrapper.application; includeInIndex = 0; path = Recipe.app; sourceTree = BUILT_PRODUCTS_DIR; };
		DE853C4524001EB600A709B2 /* AppDelegate.swift */ = {isa = PBXFileReference; lastKnownFileType = sourcecode.swift; path = AppDelegate.swift; sourceTree = "<group>"; };
		DE853C4724001EB600A709B2 /* SceneDelegate.swift */ = {isa = PBXFileReference; lastKnownFileType = sourcecode.swift; path = SceneDelegate.swift; sourceTree = "<group>"; };
		DE853C4C24001EB600A709B2 /* Base */ = {isa = PBXFileReference; lastKnownFileType = file.storyboard; name = Base; path = Base.lproj/Main.storyboard; sourceTree = "<group>"; };
		DE853C4E24001EB600A709B2 /* Assets.xcassets */ = {isa = PBXFileReference; lastKnownFileType = folder.assetcatalog; path = Assets.xcassets; sourceTree = "<group>"; };
		DE853C5124001EB600A709B2 /* Base */ = {isa = PBXFileReference; lastKnownFileType = file.storyboard; name = Base; path = Base.lproj/LaunchScreen.storyboard; sourceTree = "<group>"; };
		DE853C5324001EB600A709B2 /* Info.plist */ = {isa = PBXFileReference; lastKnownFileType = text.plist.xml; path = Info.plist; sourceTree = "<group>"; };
		DE853C5924001EFD00A709B2 /* recipetypes.xml */ = {isa = PBXFileReference; lastKnownFileType = text.xml; path = recipetypes.xml; sourceTree = "<group>"; };
		DE853C5C2400211500A709B2 /* RecipeType.swift */ = {isa = PBXFileReference; lastKnownFileType = sourcecode.swift; path = RecipeType.swift; sourceTree = "<group>"; };
		DE853C5F240021D300A709B2 /* MasterViewController.swift */ = {isa = PBXFileReference; lastKnownFileType = sourcecode.swift; path = MasterViewController.swift; sourceTree = "<group>"; };
		DE853C61240021DC00A709B2 /* DetailViewController.swift */ = {isa = PBXFileReference; lastKnownFileType = sourcecode.swift; path = DetailViewController.swift; sourceTree = "<group>"; };
		DE853C642400238800A709B2 /* Constant.swift */ = {isa = PBXFileReference; lastKnownFileType = sourcecode.swift; path = Constant.swift; sourceTree = "<group>"; };
		DE853C662400295C00A709B2 /* Recipe.swift */ = {isa = PBXFileReference; lastKnownFileType = sourcecode.swift; path = Recipe.swift; sourceTree = "<group>"; };
		DE853C68240035D300A709B2 /* DataManager.swift */ = {isa = PBXFileReference; lastKnownFileType = sourcecode.swift; path = DataManager.swift; sourceTree = "<group>"; };
/* End PBXFileReference section */

/* Begin PBXFrameworksBuildPhase section */
		DE853C3F24001EB600A709B2 /* Frameworks */ = {
			isa = PBXFrameworksBuildPhase;
			buildActionMask = 2147483647;
			files = (
			);
			runOnlyForDeploymentPostprocessing = 0;
		};
/* End PBXFrameworksBuildPhase section */

/* Begin PBXGroup section */
		DE06426E240102F9004DF685 /* Views */ = {
			isa = PBXGroup;
			children = (
				DE06426F24010309004DF685 /* PickerView.swift */,
				DE0642712401032C004DF685 /* PickerView.xib */,
			);
			path = Views;
			sourceTree = "<group>";
		};
		DE853C3924001EB600A709B2 = {
			isa = PBXGroup;
			children = (
				DE853C4424001EB600A709B2 /* Recipe */,
				DE853C4324001EB600A709B2 /* Products */,
			);
			sourceTree = "<group>";
		};
		DE853C4324001EB600A709B2 /* Products */ = {
			isa = PBXGroup;
			children = (
				DE853C4224001EB600A709B2 /* Recipe.app */,
			);
			name = Products;
			sourceTree = "<group>";
		};
		DE853C4424001EB600A709B2 /* Recipe */ = {
			isa = PBXGroup;
			children = (
				DE06426E240102F9004DF685 /* Views */,
				DE853C632400237D00A709B2 /* Common */,
				DE853C5E240021B200A709B2 /* Controllers */,
				DE853C5B2400210900A709B2 /* Model */,
				DE853C4524001EB600A709B2 /* AppDelegate.swift */,
				DE853C4724001EB600A709B2 /* SceneDelegate.swift */,
				DE853C4B24001EB600A709B2 /* Main.storyboard */,
				DE853C4E24001EB600A709B2 /* Assets.xcassets */,
				DE853C5024001EB600A709B2 /* LaunchScreen.storyboard */,
				DE853C5324001EB600A709B2 /* Info.plist */,
				DE853C5924001EFD00A709B2 /* recipetypes.xml */,
			);
			path = Recipe;
			sourceTree = "<group>";
		};
		DE853C5B2400210900A709B2 /* Model */ = {
			isa = PBXGroup;
			children = (
				DE853C5C2400211500A709B2 /* RecipeType.swift */,
				DE853C662400295C00A709B2 /* Recipe.swift */,
				DE853C68240035D300A709B2 /* DataManager.swift */,
			);
			path = Model;
			sourceTree = "<group>";
		};
		DE853C5E240021B200A709B2 /* Controllers */ = {
			isa = PBXGroup;
			children = (
				DE853C5F240021D300A709B2 /* MasterViewController.swift */,
				DE853C61240021DC00A709B2 /* DetailViewController.swift */,
				DE06426C240101F2004DF685 /* BaseViewController.swift */,
			);
			path = Controllers;
			sourceTree = "<group>";
		};
		DE853C632400237D00A709B2 /* Common */ = {
			isa = PBXGroup;
			children = (
				DE853C642400238800A709B2 /* Constant.swift */,
			);
			path = Common;
			sourceTree = "<group>";
		};
/* End PBXGroup section */

/* Begin PBXNativeTarget section */
		DE853C4124001EB600A709B2 /* Recipe */ = {
			isa = PBXNativeTarget;
			buildConfigurationList = DE853C5624001EB600A709B2 /* Build configuration list for PBXNativeTarget "Recipe" */;
			buildPhases = (
				DE853C3E24001EB600A709B2 /* Sources */,
				DE853C3F24001EB600A709B2 /* Frameworks */,
				DE853C4024001EB600A709B2 /* Resources */,
			);
			buildRules = (
			);
			dependencies = (
			);
			name = Recipe;
			productName = Recipe;
			productReference = DE853C4224001EB600A709B2 /* Recipe.app */;
			productType = "com.apple.product-type.application";
		};
/* End PBXNativeTarget section */

/* Begin PBXProject section */
		DE853C3A24001EB600A709B2 /* Project object */ = {
			isa = PBXProject;
			attributes = {
				LastSwiftUpdateCheck = 1130;
				LastUpgradeCheck = 1130;
				ORGANIZATIONNAME = "alatin std";
				TargetAttributes = {
					DE853C4124001EB600A709B2 = {
						CreatedOnToolsVersion = 11.3;
					};
				};
			};
			buildConfigurationList = DE853C3D24001EB600A709B2 /* Build configuration list for PBXProject "Recipe" */;
			compatibilityVersion = "Xcode 9.3";
			developmentRegion = en;
			hasScannedForEncodings = 0;
			knownRegions = (
				en,
				Base,
			);
			mainGroup = DE853C3924001EB600A709B2;
			productRefGroup = DE853C4324001EB600A709B2 /* Products */;
			projectDirPath = "";
			projectRoot = "";
			targets = (
				DE853C4124001EB600A709B2 /* Recipe */,
			);
		};
/* End PBXProject section */

/* Begin PBXResourcesBuildPhase section */
		DE853C4024001EB600A709B2 /* Resources */ = {
			isa = PBXResourcesBuildPhase;
			buildActionMask = 2147483647;
			files = (
				DE0642722401032C004DF685 /* PickerView.xib in Resources */,
				DE853C5224001EB600A709B2 /* LaunchScreen.storyboard in Resources */,
				DE853C4F24001EB600A709B2 /* Assets.xcassets in Resources */,
				DE853C4D24001EB600A709B2 /* Main.storyboard in Resources */,
				DE853C5A24001EFD00A709B2 /* recipetypes.xml in Resources */,
			);
			runOnlyForDeploymentPostprocessing = 0;
		};
/* End PBXResourcesBuildPhase section */

/* Begin PBXSourcesBuildPhase section */
		DE853C3E24001EB600A709B2 /* Sources */ = {
			isa = PBXSourcesBuildPhase;
			buildActionMask = 2147483647;
			files = (
				DE853C60240021D300A709B2 /* MasterViewController.swift in Sources */,
				DE853C69240035D300A709B2 /* DataManager.swift in Sources */,
				DE853C4624001EB600A709B2 /* AppDelegate.swift in Sources */,
				DE853C672400295C00A709B2 /* Recipe.swift in Sources */,
				DE853C62240021DC00A709B2 /* DetailViewController.swift in Sources */,
				DE06426D240101F2004DF685 /* BaseViewController.swift in Sources */,
				DE853C4824001EB600A709B2 /* SceneDelegate.swift in Sources */,
				DE853C5D2400211500A709B2 /* RecipeType.swift in Sources */,
				DE06427024010309004DF685 /* PickerView.swift in Sources */,
				DE853C652400238800A709B2 /* Constant.swift in Sources */,
			);
			runOnlyForDeploymentPostprocessing = 0;
		};
/* End PBXSourcesBuildPhase section */

/* Begin PBXVariantGroup section */
		DE853C4B24001EB600A709B2 /* Main.storyboard */ = {
			isa = PBXVariantGroup;
			children = (
				DE853C4C24001EB600A709B2 /* Base */,
			);
			name = Main.storyboard;
			sourceTree = "<group>";
		};
		DE853C5024001EB600A709B2 /* LaunchScreen.storyboard */ = {
			isa = PBXVariantGroup;
			children = (
				DE853C5124001EB600A709B2 /* Base */,
			);
			name = LaunchScreen.storyboard;
			sourceTree = "<group>";
		};
/* End PBXVariantGroup section */

/* Begin XCBuildConfiguration section */
		DE853C5424001EB600A709B2 /* Debug */ = {
			isa = XCBuildConfiguration;
			buildSettings = {
				ALWAYS_SEARCH_USER_PATHS = NO;
				CLANG_ANALYZER_NONNULL = YES;
				CLANG_ANALYZER_NUMBER_OBJECT_CONVERSION = YES_AGGRESSIVE;
				CLANG_CXX_LANGUAGE_STANDARD = "gnu++14";
				CLANG_CXX_LIBRARY = "libc++";
				CLANG_ENABLE_MODULES = YES;
				CLANG_ENABLE_OBJC_ARC = YES;
				CLANG_ENABLE_OBJC_WEAK = YES;
				CLANG_WARN_BLOCK_CAPTURE_AUTORELEASING = YES;
				CLANG_WARN_BOOL_CONVERSION = YES;
				CLANG_WARN_COMMA = YES;
				CLANG_WARN_CONSTANT_CONVERSION = YES;
				CLANG_WARN_DEPRECATED_OBJC_IMPLEMENTATIONS = YES;
				CLANG_WARN_DIRECT_OBJC_ISA_USAGE = YES_ERROR;
				CLANG_WARN_DOCUMENTATION_COMMENTS = YES;
				CLANG_WARN_EMPTY_BODY = YES;
				CLANG_WARN_ENUM_CONVERSION = YES;
				CLANG_WARN_INFINITE_RECURSION = YES;
				CLANG_WARN_INT_CONVERSION = YES;
				CLANG_WARN_NON_LITERAL_NULL_CONVERSION = YES;
				CLANG_WARN_OBJC_IMPLICIT_RETAIN_SELF = YES;
				CLANG_WARN_OBJC_LITERAL_CONVERSION = YES;
				CLANG_WARN_OBJC_ROOT_CLASS = YES_ERROR;
				CLANG_WARN_RANGE_LOOP_ANALYSIS = YES;
				CLANG_WARN_STRICT_PROTOTYPES = YES;
				CLANG_WARN_SUSPICIOUS_MOVE = YES;
				CLANG_WARN_UNGUARDED_AVAILABILITY = YES_AGGRESSIVE;
				CLANG_WARN_UNREACHABLE_CODE = YES;
				CLANG_WARN__DUPLICATE_METHOD_MATCH = YES;
				COPY_PHASE_STRIP = NO;
				DEBUG_INFORMATION_FORMAT = dwarf;
				ENABLE_STRICT_OBJC_MSGSEND = YES;
				ENABLE_TESTABILITY = YES;
				GCC_C_LANGUAGE_STANDARD = gnu11;
				GCC_DYNAMIC_NO_PIC = NO;
				GCC_NO_COMMON_BLOCKS = YES;
				GCC_OPTIMIZATION_LEVEL = 0;
				GCC_PREPROCESSOR_DEFINITIONS = (
					"DEBUG=1",
					"$(inherited)",
				);
				GCC_WARN_64_TO_32_BIT_CONVERSION = YES;
				GCC_WARN_ABOUT_RETURN_TYPE = YES_ERROR;
				GCC_WARN_UNDECLARED_SELECTOR = YES;
				GCC_WARN_UNINITIALIZED_AUTOS = YES_AGGRESSIVE;
				GCC_WARN_UNUSED_FUNCTION = YES;
				GCC_WARN_UNUSED_VARIABLE = YES;
				IPHONEOS_DEPLOYMENT_TARGET = 13.2;
				MTL_ENABLE_DEBUG_INFO = INCLUDE_SOURCE;
				MTL_FAST_MATH = YES;
				ONLY_ACTIVE_ARCH = YES;
				SDKROOT = iphoneos;
				SWIFT_ACTIVE_COMPILATION_CONDITIONS = DEBUG;
				SWIFT_OPTIMIZATION_LEVEL = "-Onone";
			};
			name = Debug;
		};
		DE853C5524001EB600A709B2 /* Release */ = {
			isa = XCBuildConfiguration;
			buildSettings = {
				ALWAYS_SEARCH_USER_PATHS = NO;
				CLANG_ANALYZER_NONNULL = YES;
				CLANG_ANALYZER_NUMBER_OBJECT_CONVERSION = YES_AGGRESSIVE;
				CLANG_CXX_LANGUAGE_STANDARD = "gnu++14";
				CLANG_CXX_LIBRARY = "libc++";
				CLANG_ENABLE_MODULES = YES;
				CLANG_ENABLE_OBJC_ARC = YES;
				CLANG_ENABLE_OBJC_WEAK = YES;
				CLANG_WARN_BLOCK_CAPTURE_AUTORELEASING = YES;
				CLANG_WARN_BOOL_CONVERSION = YES;
				CLANG_WARN_COMMA = YES;
				CLANG_WARN_CONSTANT_CONVERSION = YES;
				CLANG_WARN_DEPRECATED_OBJC_IMPLEMENTATIONS = YES;
				CLANG_WARN_DIRECT_OBJC_ISA_USAGE = YES_ERROR;
				CLANG_WARN_DOCUMENTATION_COMMENTS = YES;
				CLANG_WARN_EMPTY_BODY = YES;
				CLANG_WARN_ENUM_CONVERSION = YES;
				CLANG_WARN_INFINITE_RECURSION = YES;
				CLANG_WARN_INT_CONVERSION = YES;
				CLANG_WARN_NON_LITERAL_NULL_CONVERSION = YES;
				CLANG_WARN_OBJC_IMPLICIT_RETAIN_SELF = YES;
				CLANG_WARN_OBJC_LITERAL_CONVERSION = YES;
				CLANG_WARN_OBJC_ROOT_CLASS = YES_ERROR;
				CLANG_WARN_RANGE_LOOP_ANALYSIS = YES;
				CLANG_WARN_STRICT_PROTOTYPES = YES;
				CLANG_WARN_SUSPICIOUS_MOVE = YES;
				CLANG_WARN_UNGUARDED_AVAILABILITY = YES_AGGRESSIVE;
				CLANG_WARN_UNREACHABLE_CODE = YES;
				CLANG_WARN__DUPLICATE_METHOD_MATCH = YES;
				COPY_PHASE_STRIP = NO;
				DEBUG_INFORMATION_FORMAT = "dwarf-with-dsym";
				ENABLE_NS_ASSERTIONS = NO;
				ENABLE_STRICT_OBJC_MSGSEND = YES;
				GCC_C_LANGUAGE_STANDARD = gnu11;
				GCC_NO_COMMON_BLOCKS = YES;
				GCC_WARN_64_TO_32_BIT_CONVERSION = YES;
				GCC_WARN_ABOUT_RETURN_TYPE = YES_ERROR;
				GCC_WARN_UNDECLARED_SELECTOR = YES;
				GCC_WARN_UNINITIALIZED_AUTOS = YES_AGGRESSIVE;
				GCC_WARN_UNUSED_FUNCTION = YES;
				GCC_WARN_UNUSED_VARIABLE = YES;
				IPHONEOS_DEPLOYMENT_TARGET = 13.2;
				MTL_ENABLE_DEBUG_INFO = NO;
				MTL_FAST_MATH = YES;
				SDKROOT = iphoneos;
				SWIFT_COMPILATION_MODE = wholemodule;
				SWIFT_OPTIMIZATION_LEVEL = "-O";
				VALIDATE_PRODUCT = YES;
			};
			name = Release;
		};
		DE853C5724001EB600A709B2 /* Debug */ = {
			isa = XCBuildConfiguration;
			buildSettings = {
				ASSETCATALOG_COMPILER_APPICON_NAME = AppIcon;
				CODE_SIGN_STYLE = Automatic;
				DEVELOPMENT_TEAM = 4J8WSCVQ98;
				INFOPLIST_FILE = Recipe/Info.plist;
				IPHONEOS_DEPLOYMENT_TARGET = 11.0;
				LD_RUNPATH_SEARCH_PATHS = (
					"$(inherited)",
					"@executable_path/Frameworks",
				);
				PRODUCT_BUNDLE_IDENTIFIER = com.alatin.Recipe;
				PRODUCT_NAME = "$(TARGET_NAME)";
				SWIFT_VERSION = 5.0;
				TARGETED_DEVICE_FAMILY = "1,2";
			};
			name = Debug;
		};
		DE853C5824001EB600A709B2 /* Release */ = {
			isa = XCBuildConfiguration;
			buildSettings = {
				ASSETCATALOG_COMPILER_APPICON_NAME = AppIcon;
				CODE_SIGN_STYLE = Automatic;
				DEVELOPMENT_TEAM = 4J8WSCVQ98;
				INFOPLIST_FILE = Recipe/Info.plist;
				IPHONEOS_DEPLOYMENT_TARGET = 11.0;
				LD_RUNPATH_SEARCH_PATHS = (
					"$(inherited)",
					"@executable_path/Frameworks",
				);
				PRODUCT_BUNDLE_IDENTIFIER = com.alatin.Recipe;
				PRODUCT_NAME = "$(TARGET_NAME)";
				SWIFT_VERSION = 5.0;
				TARGETED_DEVICE_FAMILY = "1,2";
			};
			name = Release;
		};
/* End XCBuildConfiguration section */

/* Begin XCConfigurationList section */
		DE853C3D24001EB600A709B2 /* Build configuration list for PBXProject "Recipe" */ = {
			isa = XCConfigurationList;
			buildConfigurations = (
				DE853C5424001EB600A709B2 /* Debug */,
				DE853C5524001EB600A709B2 /* Release */,
			);
			defaultConfigurationIsVisible = 0;
			defaultConfigurationName = Release;
		};
		DE853C5624001EB600A709B2 /* Build configuration list for PBXNativeTarget "Recipe" */ = {
			isa = XCConfigurationList;
			buildConfigurations = (
				DE853C5724001EB600A709B2 /* Debug */,
				DE853C5824001EB600A709B2 /* Release */,
			);
			defaultConfigurationIsVisible = 0;
			defaultConfigurationName = Release;
		};
/* End XCConfigurationList section */
	};
	rootObject = DE853C3A24001EB600A709B2 /* Project object */;
}
